// !$*UTF8*$!
{
	archiveVersion = 1;
	classes = {
	};
	objectVersion = 48;
	objects = {

/* Begin PBXBuildFile section */
		A00AFDE01FC4865600A1C3F1 /* AppDelegate.swift in Sources */ = {isa = PBXBuildFile; fileRef = A00AFDDF1FC4865600A1C3F1 /* AppDelegate.swift */; };
		A00AFDE21FC4865600A1C3F1 /* ViewController.swift in Sources */ = {isa = PBXBuildFile; fileRef = A00AFDE11FC4865600A1C3F1 /* ViewController.swift */; };
		A00AFDE51FC4865600A1C3F1 /* Main.storyboard in Resources */ = {isa = PBXBuildFile; fileRef = A00AFDE31FC4865600A1C3F1 /* Main.storyboard */; };
		A00AFDE71FC4865600A1C3F1 /* Assets.xcassets in Resources */ = {isa = PBXBuildFile; fileRef = A00AFDE61FC4865600A1C3F1 /* Assets.xcassets */; };
		A00AFDEA1FC4865600A1C3F1 /* LaunchScreen.storyboard in Resources */ = {isa = PBXBuildFile; fileRef = A00AFDE81FC4865600A1C3F1 /* LaunchScreen.storyboard */; };
		A00AFDF21FC4897500A1C3F1 /* CircleProgress.swift in Sources */ = {isa = PBXBuildFile; fileRef = A00AFDF11FC4897500A1C3F1 /* CircleProgress.swift */; };
/* End PBXBuildFile section */

/* Begin PBXFileReference section */
		A00AFDDC1FC4865600A1C3F1 /* CircleProgressWidget.app */ = {isa = PBXFileReference; explicitFileType = wrapper.application; includeInIndex = 0; path = CircleProgressWidget.app; sourceTree = BUILT_PRODUCTS_DIR; };
		A00AFDDF1FC4865600A1C3F1 /* AppDelegate.swift */ = {isa = PBXFileReference; lastKnownFileType = sourcecode.swift; path = AppDelegate.swift; sourceTree = "<group>"; };
		A00AFDE11FC4865600A1C3F1 /* ViewController.swift */ = {isa = PBXFileReference; lastKnownFileType = sourcecode.swift; path = ViewController.swift; sourceTree = "<group>"; };
		A00AFDE41FC4865600A1C3F1 /* Base */ = {isa = PBXFileReference; lastKnownFileType = file.storyboard; name = Base; path = Base.lproj/Main.storyboard; sourceTree = "<group>"; };
		A00AFDE61FC4865600A1C3F1 /* Assets.xcassets */ = {isa = PBXFileReference; lastKnownFileType = folder.assetcatalog; path = Assets.xcassets; sourceTree = "<group>"; };
		A00AFDE91FC4865600A1C3F1 /* Base */ = {isa = PBXFileReference; lastKnownFileType = file.storyboard; name = Base; path = Base.lproj/LaunchScreen.storyboard; sourceTree = "<group>"; };
		A00AFDEB1FC4865600A1C3F1 /* Info.plist */ = {isa = PBXFileReference; lastKnownFileType = text.plist.xml; path = Info.plist; sourceTree = "<group>"; };
		A00AFDF11FC4897500A1C3F1 /* CircleProgress.swift */ = {isa = PBXFileReference; lastKnownFileType = sourcecode.swift; path = CircleProgress.swift; sourceTree = "<group>"; };
/* End PBXFileReference section */

/* Begin PBXFrameworksBuildPhase section */
		A00AFDD91FC4865600A1C3F1 /* Frameworks */ = {
			isa = PBXFrameworksBuildPhase;
			buildActionMask = 2147483647;
			files = (
			);
			runOnlyForDeploymentPostprocessing = 0;
		};
/* End PBXFrameworksBuildPhase section */

/* Begin PBXGroup section */
		A00AFDD31FC4865600A1C3F1 = {
			isa = PBXGroup;
			children = (
				A00AFDDE1FC4865600A1C3F1 /* CircleProgressWidget */,
				A00AFDDD1FC4865600A1C3F1 /* Products */,
			);
			sourceTree = "<group>";
		};
		A00AFDDD1FC4865600A1C3F1 /* Products */ = {
			isa = PBXGroup;
			children = (
				A00AFDDC1FC4865600A1C3F1 /* CircleProgressWidget.app */,
			);
			name = Products;
			sourceTree = "<group>";
		};
		A00AFDDE1FC4865600A1C3F1 /* CircleProgressWidget */ = {
			isa = PBXGroup;
			children = (
				A00AFDDF1FC4865600A1C3F1 /* AppDelegate.swift */,
				A00AFDE11FC4865600A1C3F1 /* ViewController.swift */,
				A00AFDF11FC4897500A1C3F1 /* CircleProgress.swift */,
				A00AFDE31FC4865600A1C3F1 /* Main.storyboard */,
				A00AFDE61FC4865600A1C3F1 /* Assets.xcassets */,
				A00AFDE81FC4865600A1C3F1 /* LaunchScreen.storyboard */,
				A00AFDEB1FC4865600A1C3F1 /* Info.plist */,
			);
			path = CircleProgressWidget;
			sourceTree = "<group>";
		};
/* End PBXGroup section */

/* Begin PBXNativeTarget section */
		A00AFDDB1FC4865600A1C3F1 /* CircleProgressWidget */ = {
			isa = PBXNativeTarget;
			buildConfigurationList = A00AFDEE1FC4865600A1C3F1 /* Build configuration list for PBXNativeTarget "CircleProgressWidget" */;
			buildPhases = (
				A00AFDD81FC4865600A1C3F1 /* Sources */,
				A00AFDD91FC4865600A1C3F1 /* Frameworks */,
				A00AFDDA1FC4865600A1C3F1 /* Resources */,
				A006BFCE1FCB831800F577F6 /* ShellScript */,
			);
			buildRules = (
			);
			dependencies = (
			);
			name = CircleProgressWidget;
			productName = CircleProgressWidget;
			productReference = A00AFDDC1FC4865600A1C3F1 /* CircleProgressWidget.app */;
			productType = "com.apple.product-type.application";
		};
/* End PBXNativeTarget section */

/* Begin PBXProject section */
		A00AFDD41FC4865600A1C3F1 /* Project object */ = {
			isa = PBXProject;
			attributes = {
				LastSwiftUpdateCheck = 0910;
				LastUpgradeCheck = 0910;
				ORGANIZATIONNAME = "Rosen Stoyanov";
				TargetAttributes = {
					A00AFDDB1FC4865600A1C3F1 = {
						CreatedOnToolsVersion = 9.1;
						ProvisioningStyle = Automatic;
					};
				};
			};
			buildConfigurationList = A00AFDD71FC4865600A1C3F1 /* Build configuration list for PBXProject "CircleProgressWidget" */;
			compatibilityVersion = "Xcode 8.0";
			developmentRegion = en;
			hasScannedForEncodings = 0;
			knownRegions = (
				en,
				Base,
			);
			mainGroup = A00AFDD31FC4865600A1C3F1;
			productRefGroup = A00AFDDD1FC4865600A1C3F1 /* Products */;
			projectDirPath = "";
			projectRoot = "";
			targets = (
				A00AFDDB1FC4865600A1C3F1 /* CircleProgressWidget */,
			);
		};
/* End PBXProject section */

/* Begin PBXResourcesBuildPhase section */
		A00AFDDA1FC4865600A1C3F1 /* Resources */ = {
			isa = PBXResourcesBuildPhase;
			buildActionMask = 2147483647;
			files = (
				A00AFDEA1FC4865600A1C3F1 /* LaunchScreen.storyboard in Resources */,
				A00AFDE71FC4865600A1C3F1 /* Assets.xcassets in Resources */,
				A00AFDE51FC4865600A1C3F1 /* Main.storyboard in Resources */,
			);
			runOnlyForDeploymentPostprocessing = 0;
		};
/* End PBXResourcesBuildPhase section */

/* Begin PBXShellScriptBuildPhase section */
		A006BFCE1FCB831800F577F6 /* ShellScript */ = {
			isa = PBXShellScriptBuildPhase;
			buildActionMask = 2147483647;
			files = (
			);
			inputPaths = (
			);
			outputPaths = (
			);
			runOnlyForDeploymentPostprocessing = 0;
			shellPath = /bin/sh;
			shellScript = "if which swiftlint >/dev/null; then\nswiftlint\nelse\necho \"warning: SwiftLint not installed, download from https://github.com/realm/SwiftLint\"\nfi";
		};
/* End PBXShellScriptBuildPhase section */

/* Begin PBXSourcesBuildPhase section */
		A00AFDD81FC4865600A1C3F1 /* Sources */ = {
			isa = PBXSourcesBuildPhase;
			buildActionMask = 2147483647;
			files = (
				A00AFDE21FC4865600A1C3F1 /* ViewController.swift in Sources */,
				A00AFDE01FC4865600A1C3F1 /* AppDelegate.swift in Sources */,
				A00AFDF21FC4897500A1C3F1 /* CircleProgress.swift in Sources */,
			);
			runOnlyForDeploymentPostprocessing = 0;
		};
/* End PBXSourcesBuildPhase section */

/* Begin PBXVariantGroup section */
		A00AFDE31FC4865600A1C3F1 /* Main.storyboard */ = {
			isa = PBXVariantGroup;
			children = (
				A00AFDE41FC4865600A1C3F1 /* Base */,
			);
			name = Main.storyboard;
			sourceTree = "<group>";
		};
		A00AFDE81FC4865600A1C3F1 /* LaunchScreen.storyboard */ = {
			isa = PBXVariantGroup;
			children = (
				A00AFDE91FC4865600A1C3F1 /* Base */,
			);
			name = LaunchScreen.storyboard;
			sourceTree = "<group>";
		};
/* End PBXVariantGroup section */

/* Begin XCBuildConfiguration section */
		A00AFDEC1FC4865600A1C3F1 /* Debug */ = {
			isa = XCBuildConfiguration;
			buildSettings = {
				ALWAYS_SEARCH_USER_PATHS = NO;
				CLANG_ANALYZER_NONNULL = YES;
				CLANG_ANALYZER_NUMBER_OBJECT_CONVERSION = YES_AGGRESSIVE;
				CLANG_CXX_LANGUAGE_STANDARD = "gnu++14";
				CLANG_CXX_LIBRARY = "libc++";
				CLANG_ENABLE_MODULES = YES;
				CLANG_ENABLE_OBJC_ARC = YES;
				CLANG_WARN_BLOCK_CAPTURE_AUTORELEASING = YES;
				CLANG_WARN_BOOL_CONVERSION = YES;
				CLANG_WARN_COMMA = YES;
				CLANG_WARN_CONSTANT_CONVERSION = YES;
				CLANG_WARN_DIRECT_OBJC_ISA_USAGE = YES_ERROR;
				CLANG_WARN_DOCUMENTATION_COMMENTS = YES;
				CLANG_WARN_EMPTY_BODY = YES;
				CLANG_WARN_ENUM_CONVERSION = YES;
				CLANG_WARN_INFINITE_RECURSION = YES;
				CLANG_WARN_INT_CONVERSION = YES;
				CLANG_WARN_NON_LITERAL_NULL_CONVERSION = YES;
				CLANG_WARN_OBJC_LITERAL_CONVERSION = YES;
				CLANG_WARN_OBJC_ROOT_CLASS = YES_ERROR;
				CLANG_WARN_RANGE_LOOP_ANALYSIS = YES;
				CLANG_WARN_STRICT_PROTOTYPES = YES;
				CLANG_WARN_SUSPICIOUS_MOVE = YES;
				CLANG_WARN_UNGUARDED_AVAILABILITY = YES_AGGRESSIVE;
				CLANG_WARN_UNREACHABLE_CODE = YES;
				CLANG_WARN__DUPLICATE_METHOD_MATCH = YES;
				CODE_SIGN_IDENTITY = "iPhone Developer";
				COPY_PHASE_STRIP = NO;
				DEBUG_INFORMATION_FORMAT = dwarf;
				ENABLE_STRICT_OBJC_MSGSEND = YES;
				ENABLE_TESTABILITY = YES;
				GCC_C_LANGUAGE_STANDARD = gnu11;
				GCC_DYNAMIC_NO_PIC = NO;
				GCC_NO_COMMON_BLOCKS = YES;
				GCC_OPTIMIZATION_LEVEL = 0;
				GCC_PREPROCESSOR_DEFINITIONS = (
					"DEBUG=1",
					"$(inherited)",
				);
				GCC_WARN_64_TO_32_BIT_CONVERSION = YES;
				GCC_WARN_ABOUT_RETURN_TYPE = YES_ERROR;
				GCC_WARN_UNDECLARED_SELECTOR = YES;
				GCC_WARN_UNINITIALIZED_AUTOS = YES_AGGRESSIVE;
				GCC_WARN_UNUSED_FUNCTION = YES;
				GCC_WARN_UNUSED_VARIABLE = YES;
				IPHONEOS_DEPLOYMENT_TARGET = 11.1;
				MTL_ENABLE_DEBUG_INFO = YES;
				ONLY_ACTIVE_ARCH = YES;
				SDKROOT = iphoneos;
				SWIFT_ACTIVE_COMPILATION_CONDITIONS = DEBUG;
				SWIFT_OPTIMIZATION_LEVEL = "-Onone";
			};
			name = Debug;
		};
		A00AFDED1FC4865600A1C3F1 /* Release */ = {
			isa = XCBuildConfiguration;
			buildSettings = {
				ALWAYS_SEARCH_USER_PATHS = NO;
				CLANG_ANALYZER_NONNULL = YES;
				CLANG_ANALYZER_NUMBER_OBJECT_CONVERSION = YES_AGGRESSIVE;
				CLANG_CXX_LANGUAGE_STANDARD = "gnu++14";
				CLANG_CXX_LIBRARY = "libc++";
				CLANG_ENABLE_MODULES = YES;
				CLANG_ENABLE_OBJC_ARC = YES;
				CLANG_WARN_BLOCK_CAPTURE_AUTORELEASING = YES;
				CLANG_WARN_BOOL_CONVERSION = YES;
				CLANG_WARN_COMMA = YES;
				CLANG_WARN_CONSTANT_CONVERSION = YES;
				CLANG_WARN_DIRECT_OBJC_ISA_USAGE = YES_ERROR;
				CLANG_WARN_DOCUMENTATION_COMMENTS = YES;
				CLANG_WARN_EMPTY_BODY = YES;
				CLANG_WARN_ENUM_CONVERSION = YES;
				CLANG_WARN_INFINITE_RECURSION = YES;
				CLANG_WARN_INT_CONVERSION = YES;
				CLANG_WARN_NON_LITERAL_NULL_CONVERSION = YES;
				CLANG_WARN_OBJC_LITERAL_CONVERSION = YES;
				CLANG_WARN_OBJC_ROOT_CLASS = YES_ERROR;
				CLANG_WARN_RANGE_LOOP_ANALYSIS = YES;
				CLANG_WARN_STRICT_PROTOTYPES = YES;
				CLANG_WARN_SUSPICIOUS_MOVE = YES;
				CLANG_WARN_UNGUARDED_AVAILABILITY = YES_AGGRESSIVE;
				CLANG_WARN_UNREACHABLE_CODE = YES;
				CLANG_WARN__DUPLICATE_METHOD_MATCH = YES;
				CODE_SIGN_IDENTITY = "iPhone Developer";
				COPY_PHASE_STRIP = NO;
				DEBUG_INFORMATION_FORMAT = "dwarf-with-dsym";
				ENABLE_NS_ASSERTIONS = NO;
				ENABLE_STRICT_OBJC_MSGSEND = YES;
				GCC_C_LANGUAGE_STANDARD = gnu11;
				GCC_NO_COMMON_BLOCKS = YES;
				GCC_WARN_64_TO_32_BIT_CONVERSION = YES;
				GCC_WARN_ABOUT_RETURN_TYPE = YES_ERROR;
				GCC_WARN_UNDECLARED_SELECTOR = YES;
				GCC_WARN_UNINITIALIZED_AUTOS = YES_AGGRESSIVE;
				GCC_WARN_UNUSED_FUNCTION = YES;
				GCC_WARN_UNUSED_VARIABLE = YES;
				IPHONEOS_DEPLOYMENT_TARGET = 11.1;
				MTL_ENABLE_DEBUG_INFO = NO;
				SDKROOT = iphoneos;
				SWIFT_OPTIMIZATION_LEVEL = "-Owholemodule";
				VALIDATE_PRODUCT = YES;
			};
			name = Release;
		};
		A00AFDEF1FC4865600A1C3F1 /* Debug */ = {
			isa = XCBuildConfiguration;
			buildSettings = {
				ASSETCATALOG_COMPILER_APPICON_NAME = AppIcon;
				CODE_SIGN_STYLE = Automatic;
				INFOPLIST_FILE = CircleProgressWidget/Info.plist;
				LD_RUNPATH_SEARCH_PATHS = "$(inherited) @executable_path/Frameworks";
				PRODUCT_BUNDLE_IDENTIFIER = com.example.CircleProgressWidget;
				PRODUCT_NAME = "$(TARGET_NAME)";
				SWIFT_VERSION = 4.0;
				TARGETED_DEVICE_FAMILY = "1,2";
			};
			name = Debug;
		};
		A00AFDF01FC4865600A1C3F1 /* Release */ = {
			isa = XCBuildConfiguration;
			buildSettings = {
				ASSETCATALOG_COMPILER_APPICON_NAME = AppIcon;
				CODE_SIGN_STYLE = Automatic;
				INFOPLIST_FILE = CircleProgressWidget/Info.plist;
				LD_RUNPATH_SEARCH_PATHS = "$(inherited) @executable_path/Frameworks";
				PRODUCT_BUNDLE_IDENTIFIER = com.example.CircleProgressWidget;
				PRODUCT_NAME = "$(TARGET_NAME)";
				SWIFT_VERSION = 4.0;
				TARGETED_DEVICE_FAMILY = "1,2";
			};
			name = Release;
		};
/* End XCBuildConfiguration section */

/* Begin XCConfigurationList section */
		A00AFDD71FC4865600A1C3F1 /* Build configuration list for PBXProject "CircleProgressWidget" */ = {
			isa = XCConfigurationList;
			buildConfigurations = (
				A00AFDEC1FC4865600A1C3F1 /* Debug */,
				A00AFDED1FC4865600A1C3F1 /* Release */,
			);
			defaultConfigurationIsVisible = 0;
			defaultConfigurationName = Release;
		};
		A00AFDEE1FC4865600A1C3F1 /* Build configuration list for PBXNativeTarget "CircleProgressWidget" */ = {
			isa = XCConfigurationList;
			buildConfigurations = (
				A00AFDEF1FC4865600A1C3F1 /* Debug */,
				A00AFDF01FC4865600A1C3F1 /* Release */,
			);
			defaultConfigurationIsVisible = 0;
			defaultConfigurationName = Release;
		};
/* End XCConfigurationList section */
	};
	rootObject = A00AFDD41FC4865600A1C3F1 /* Project object */;
}
